
Microsoft Visual Studio Solution File, Format Version 12.00
Project("{FAE04EC0-301F-11D3-BF4B-00C04F79EFBC}") = "service_auto_v2", "service_auto_v2.csproj", "{1FFE3695-42E0-41C0-94D0-A28E1DBB60F0}"
EndProject
Global
	GlobalSection(SolutionConfigurationPlatforms) = preSolution
		Debug|Any CPU = Debug|Any CPU
		Release|Any CPU = Release|Any CPU
	EndGlobalSection
	GlobalSection(ProjectConfigurationPlatforms) = postSolution
		{1FFE3695-42E0-41C0-94D0-A28E1DBB60F0}.Debug|Any CPU.ActiveCfg = Debug|Any CPU
		{1FFE3695-42E0-41C0-94D0-A28E1DBB60F0}.Debug|Any CPU.Build.0 = Debug|Any CPU
		{1FFE3695-42E0-41C0-94D0-A28E1DBB60F0}.Release|Any CPU.ActiveCfg = Release|Any CPU
		{1FFE3695-42E0-41C0-94D0-A28E1DBB60F0}.Release|Any CPU.Build.0 = Release|Any CPU
	EndGlobalSection
EndGlobal
